
Microsoft Visual Studio Solution File, Format Version 12.00
# Visual Studio 15
VisualStudioVersion = 15.0.26124.0
MinimumVisualStudioVersion = 15.0.26124.0
Project("{2150E333-8FDC-42A3-9474-1A3956D46DE8}") = "src", "src", "{44B90E66-C4A9-49A4-AE43-41E2BC9B886A}"
EndProject
Project("{FAE04EC0-301F-11D3-BF4B-00C04F79EFBC}") = "DevOceans.Extensions.Testing", "src\DevOceans.Extensions.Testing\DevOceans.Extensions.Testing.csproj", "{8D64DD85-7A59-4D2E-96D0-4AE45C2A0FB7}"
EndProject
Project("{2150E333-8FDC-42A3-9474-1A3956D46DE8}") = "test", "test", "{25F34217-A72C-4E0E-917A-7601E437DFD3}"
EndProject
Project("{FAE04EC0-301F-11D3-BF4B-00C04F79EFBC}") = "DevOceans.Extensions.Testing.Tests.Unit", "test\DevOceans.Extensions.Testing.Tests.Unit\DevOceans.Extensions.Testing.Tests.Unit.csproj", "{80DAF067-A33C-44C9-A68F-EFDB5C17080D}"
EndProject
Global
	GlobalSection(SolutionConfigurationPlatforms) = preSolution
		Debug|Any CPU = Debug|Any CPU
		Debug|x64 = Debug|x64
		Debug|x86 = Debug|x86
		Release|Any CPU = Release|Any CPU
		Release|x64 = Release|x64
		Release|x86 = Release|x86
	EndGlobalSection
	GlobalSection(SolutionProperties) = preSolution
		HideSolutionNode = FALSE
	EndGlobalSection
	GlobalSection(ProjectConfigurationPlatforms) = postSolution
		{8D64DD85-7A59-4D2E-96D0-4AE45C2A0FB7}.Debug|Any CPU.ActiveCfg = Debug|Any CPU
		{8D64DD85-7A59-4D2E-96D0-4AE45C2A0FB7}.Debug|Any CPU.Build.0 = Debug|Any CPU
		{8D64DD85-7A59-4D2E-96D0-4AE45C2A0FB7}.Debug|x64.ActiveCfg = Debug|Any CPU
		{8D64DD85-7A59-4D2E-96D0-4AE45C2A0FB7}.Debug|x64.Build.0 = Debug|Any CPU
		{8D64DD85-7A59-4D2E-96D0-4AE45C2A0FB7}.Debug|x86.ActiveCfg = Debug|Any CPU
		{8D64DD85-7A59-4D2E-96D0-4AE45C2A0FB7}.Debug|x86.Build.0 = Debug|Any CPU
		{8D64DD85-7A59-4D2E-96D0-4AE45C2A0FB7}.Release|Any CPU.ActiveCfg = Release|Any CPU
		{8D64DD85-7A59-4D2E-96D0-4AE45C2A0FB7}.Release|Any CPU.Build.0 = Release|Any CPU
		{8D64DD85-7A59-4D2E-96D0-4AE45C2A0FB7}.Release|x64.ActiveCfg = Release|Any CPU
		{8D64DD85-7A59-4D2E-96D0-4AE45C2A0FB7}.Release|x64.Build.0 = Release|Any CPU
		{8D64DD85-7A59-4D2E-96D0-4AE45C2A0FB7}.Release|x86.ActiveCfg = Release|Any CPU
		{8D64DD85-7A59-4D2E-96D0-4AE45C2A0FB7}.Release|x86.Build.0 = Release|Any CPU
		{80DAF067-A33C-44C9-A68F-EFDB5C17080D}.Debug|Any CPU.ActiveCfg = Debug|Any CPU
		{80DAF067-A33C-44C9-A68F-EFDB5C17080D}.Debug|Any CPU.Build.0 = Debug|Any CPU
		{80DAF067-A33C-44C9-A68F-EFDB5C17080D}.Debug|x64.ActiveCfg = Debug|Any CPU
		{80DAF067-A33C-44C9-A68F-EFDB5C17080D}.Debug|x64.Build.0 = Debug|Any CPU
		{80DAF067-A33C-44C9-A68F-EFDB5C17080D}.Debug|x86.ActiveCfg = Debug|Any CPU
		{80DAF067-A33C-44C9-A68F-EFDB5C17080D}.Debug|x86.Build.0 = Debug|Any CPU
		{80DAF067-A33C-44C9-A68F-EFDB5C17080D}.Release|Any CPU.ActiveCfg = Release|Any CPU
		{80DAF067-A33C-44C9-A68F-EFDB5C17080D}.Release|Any CPU.Build.0 = Release|Any CPU
		{80DAF067-A33C-44C9-A68F-EFDB5C17080D}.Release|x64.ActiveCfg = Release|Any CPU
		{80DAF067-A33C-44C9-A68F-EFDB5C17080D}.Release|x64.Build.0 = Release|Any CPU
		{80DAF067-A33C-44C9-A68F-EFDB5C17080D}.Release|x86.ActiveCfg = Release|Any CPU
		{80DAF067-A33C-44C9-A68F-EFDB5C17080D}.Release|x86.Build.0 = Release|Any CPU
	EndGlobalSection
	GlobalSection(NestedProjects) = preSolution
		{8D64DD85-7A59-4D2E-96D0-4AE45C2A0FB7} = {44B90E66-C4A9-49A4-AE43-41E2BC9B886A}
		{80DAF067-A33C-44C9-A68F-EFDB5C17080D} = {25F34217-A72C-4E0E-917A-7601E437DFD3}
	EndGlobalSection
EndGlobal
